
Microsoft Visual Studio Solution File, Format Version 12.00
# Visual Studio Version 17
VisualStudioVersion = 17.8.34322.80
MinimumVisualStudioVersion = 10.0.40219.1
Project("{9A19103F-16F7-4668-BE54-9A1E7A4F7556}") = "EntityManagement", "EntityManagement.csproj", "{D9D48DBF-2735-477C-848F-347BC09C492C}"
EndProject
Global
	GlobalSection(SolutionConfigurationPlatforms) = preSolution
		Debug|Any CPU = Debug|Any CPU
		Release|Any CPU = Release|Any CPU
	EndGlobalSection
	GlobalSection(ProjectConfigurationPlatforms) = postSolution
		{D9D48DBF-2735-477C-848F-347BC09C492C}.Debug|Any CPU.ActiveCfg = Debug|Any CPU
		{D9D48DBF-2735-477C-848F-347BC09C492C}.Debug|Any CPU.Build.0 = Debug|Any CPU
		{D9D48DBF-2735-477C-848F-347BC09C492C}.Release|Any CPU.ActiveCfg = Release|Any CPU
		{D9D48DBF-2735-477C-848F-347BC09C492C}.Release|Any CPU.Build.0 = Release|Any CPU
	EndGlobalSection
	GlobalSection(SolutionProperties) = preSolution
		HideSolutionNode = FALSE
	EndGlobalSection
	GlobalSection(ExtensibilityGlobals) = postSolution
		SolutionGuid = {27C43591-50D3-4209-A8C1-062C7D0919ED}
	EndGlobalSection
EndGlobal
